// !$*UTF8*$!
{
	archiveVersion = 1;
	classes = {
	};
	objectVersion = 55;
	objects = {

/* Begin PBXBuildFile section */
		FAAFD09B2BAC71F70041B468 /* WeatherDemoApp.swift in Sources */ = {isa = PBXBuildFile; fileRef = FAAFD09A2BAC71F70041B468 /* WeatherDemoApp.swift */; };
		FAAFD09D2BAC71F70041B468 /* ContentView.swift in Sources */ = {isa = PBXBuildFile; fileRef = FAAFD09C2BAC71F70041B468 /* ContentView.swift */; };
		FAAFD09F2BAC71FA0041B468 /* Assets.xcassets in Resources */ = {isa = PBXBuildFile; fileRef = FAAFD09E2BAC71FA0041B468 /* Assets.xcassets */; };
		FAAFD0A22BAC71FA0041B468 /* Preview Assets.xcassets in Resources */ = {isa = PBXBuildFile; fileRef = FAAFD0A12BAC71FA0041B468 /* Preview Assets.xcassets */; };
		FAAFD0AA2BAC73C00041B468 /* LocationManager.swift in Sources */ = {isa = PBXBuildFile; fileRef = FAAFD0A92BAC73C00041B468 /* LocationManager.swift */; };
		FAAFD0AD2BAC77830041B468 /* WelcomeView.swift in Sources */ = {isa = PBXBuildFile; fileRef = FAAFD0AC2BAC77830041B468 /* WelcomeView.swift */; };
		FAAFD0AF2BAC7B750041B468 /* LoadingView.swift in Sources */ = {isa = PBXBuildFile; fileRef = FAAFD0AE2BAC7B750041B468 /* LoadingView.swift */; };
		FAAFD0B12BAC7DFA0041B468 /* WeatherManager.swift in Sources */ = {isa = PBXBuildFile; fileRef = FAAFD0B02BAC7DFA0041B468 /* WeatherManager.swift */; };
		FAAFD0B32BADF16F0041B468 /* WeatherView.swift in Sources */ = {isa = PBXBuildFile; fileRef = FAAFD0B22BADF16E0041B468 /* WeatherView.swift */; };
		FAAFD0B52BADF2120041B468 /* ModelData.swift in Sources */ = {isa = PBXBuildFile; fileRef = FAAFD0B42BADF2120041B468 /* ModelData.swift */; };
		FAAFD0B72BADF2530041B468 /* weatherData.json in Resources */ = {isa = PBXBuildFile; fileRef = FAAFD0B62BADF2530041B468 /* weatherData.json */; };
		FAAFD0B92BADF7030041B468 /* Extensions.swift in Sources */ = {isa = PBXBuildFile; fileRef = FAAFD0B82BADF7030041B468 /* Extensions.swift */; };
/* End PBXBuildFile section */

/* Begin PBXFileReference section */
		FAAFD0972BAC71F70041B468 /* WeatherDemo.app */ = {isa = PBXFileReference; explicitFileType = wrapper.application; includeInIndex = 0; path = WeatherDemo.app; sourceTree = BUILT_PRODUCTS_DIR; };
		FAAFD09A2BAC71F70041B468 /* WeatherDemoApp.swift */ = {isa = PBXFileReference; lastKnownFileType = sourcecode.swift; path = WeatherDemoApp.swift; sourceTree = "<group>"; };
		FAAFD09C2BAC71F70041B468 /* ContentView.swift */ = {isa = PBXFileReference; lastKnownFileType = sourcecode.swift; path = ContentView.swift; sourceTree = "<group>"; };
		FAAFD09E2BAC71FA0041B468 /* Assets.xcassets */ = {isa = PBXFileReference; lastKnownFileType = folder.assetcatalog; path = Assets.xcassets; sourceTree = "<group>"; };
		FAAFD0A12BAC71FA0041B468 /* Preview Assets.xcassets */ = {isa = PBXFileReference; lastKnownFileType = folder.assetcatalog; path = "Preview Assets.xcassets"; sourceTree = "<group>"; };
		FAAFD0A92BAC73C00041B468 /* LocationManager.swift */ = {isa = PBXFileReference; lastKnownFileType = sourcecode.swift; path = LocationManager.swift; sourceTree = "<group>"; };
		FAAFD0AC2BAC77830041B468 /* WelcomeView.swift */ = {isa = PBXFileReference; lastKnownFileType = sourcecode.swift; path = WelcomeView.swift; sourceTree = "<group>"; };
		FAAFD0AE2BAC7B750041B468 /* LoadingView.swift */ = {isa = PBXFileReference; lastKnownFileType = sourcecode.swift; path = LoadingView.swift; sourceTree = "<group>"; };
		FAAFD0B02BAC7DFA0041B468 /* WeatherManager.swift */ = {isa = PBXFileReference; lastKnownFileType = sourcecode.swift; path = WeatherManager.swift; sourceTree = "<group>"; };
		FAAFD0B22BADF16E0041B468 /* WeatherView.swift */ = {isa = PBXFileReference; lastKnownFileType = sourcecode.swift; path = WeatherView.swift; sourceTree = "<group>"; };
		FAAFD0B42BADF2120041B468 /* ModelData.swift */ = {isa = PBXFileReference; lastKnownFileType = sourcecode.swift; path = ModelData.swift; sourceTree = "<group>"; };
		FAAFD0B62BADF2530041B468 /* weatherData.json */ = {isa = PBXFileReference; lastKnownFileType = text.json; path = weatherData.json; sourceTree = "<group>"; };
		FAAFD0B82BADF7030041B468 /* Extensions.swift */ = {isa = PBXFileReference; lastKnownFileType = sourcecode.swift; path = Extensions.swift; sourceTree = "<group>"; };
/* End PBXFileReference section */

/* Begin PBXFrameworksBuildPhase section */
		FAAFD0942BAC71F70041B468 /* Frameworks */ = {
			isa = PBXFrameworksBuildPhase;
			buildActionMask = 2147483647;
			files = (
			);
			runOnlyForDeploymentPostprocessing = 0;
		};
/* End PBXFrameworksBuildPhase section */

/* Begin PBXGroup section */
		FAAFD08E2BAC71F70041B468 = {
			isa = PBXGroup;
			children = (
				FAAFD0992BAC71F70041B468 /* WeatherDemo */,
				FAAFD0B82BADF7030041B468 /* Extensions.swift */,
				FAAFD0982BAC71F70041B468 /* Products */,
			);
			sourceTree = "<group>";
		};
		FAAFD0982BAC71F70041B468 /* Products */ = {
			isa = PBXGroup;
			children = (
				FAAFD0972BAC71F70041B468 /* WeatherDemo.app */,
			);
			name = Products;
			sourceTree = "<group>";
		};
		FAAFD0992BAC71F70041B468 /* WeatherDemo */ = {
			isa = PBXGroup;
			children = (
				FAAFD09A2BAC71F70041B468 /* WeatherDemoApp.swift */,
				FAAFD0AB2BAC76860041B468 /* Views */,
				FAAFD0A82BAC73A80041B468 /* Managers */,
				FAAFD09E2BAC71FA0041B468 /* Assets.xcassets */,
				FAAFD0A02BAC71FA0041B468 /* Preview Content */,
			);
			path = WeatherDemo;
			sourceTree = "<group>";
		};
		FAAFD0A02BAC71FA0041B468 /* Preview Content */ = {
			isa = PBXGroup;
			children = (
				FAAFD0A12BAC71FA0041B468 /* Preview Assets.xcassets */,
				FAAFD0B42BADF2120041B468 /* ModelData.swift */,
				FAAFD0B62BADF2530041B468 /* weatherData.json */,
			);
			path = "Preview Content";
			sourceTree = "<group>";
		};
		FAAFD0A82BAC73A80041B468 /* Managers */ = {
			isa = PBXGroup;
			children = (
				FAAFD0A92BAC73C00041B468 /* LocationManager.swift */,
				FAAFD0B02BAC7DFA0041B468 /* WeatherManager.swift */,
			);
			path = Managers;
			sourceTree = "<group>";
		};
		FAAFD0AB2BAC76860041B468 /* Views */ = {
			isa = PBXGroup;
			children = (
				FAAFD09C2BAC71F70041B468 /* ContentView.swift */,
				FAAFD0AC2BAC77830041B468 /* WelcomeView.swift */,
				FAAFD0AE2BAC7B750041B468 /* LoadingView.swift */,
				FAAFD0B22BADF16E0041B468 /* WeatherView.swift */,
			);
			path = Views;
			sourceTree = "<group>";
		};
/* End PBXGroup section */

/* Begin PBXNativeTarget section */
		FAAFD0962BAC71F70041B468 /* WeatherDemo */ = {
			isa = PBXNativeTarget;
			buildConfigurationList = FAAFD0A52BAC71FA0041B468 /* Build configuration list for PBXNativeTarget "WeatherDemo" */;
			buildPhases = (
				FAAFD0932BAC71F70041B468 /* Sources */,
				FAAFD0942BAC71F70041B468 /* Frameworks */,
				FAAFD0952BAC71F70041B468 /* Resources */,
			);
			buildRules = (
			);
			dependencies = (
			);
			name = WeatherDemo;
			productName = WeatherDemo;
			productReference = FAAFD0972BAC71F70041B468 /* WeatherDemo.app */;
			productType = "com.apple.product-type.application";
		};
/* End PBXNativeTarget section */

/* Begin PBXProject section */
		FAAFD08F2BAC71F70041B468 /* Project object */ = {
			isa = PBXProject;
			attributes = {
				BuildIndependentTargetsInParallel = 1;
				LastSwiftUpdateCheck = 1320;
				LastUpgradeCheck = 1320;
				TargetAttributes = {
					FAAFD0962BAC71F70041B468 = {
						CreatedOnToolsVersion = 13.2.1;
					};
				};
			};
			buildConfigurationList = FAAFD0922BAC71F70041B468 /* Build configuration list for PBXProject "WeatherDemo" */;
			compatibilityVersion = "Xcode 13.0";
			developmentRegion = en;
			hasScannedForEncodings = 0;
			knownRegions = (
				en,
				Base,
			);
			mainGroup = FAAFD08E2BAC71F70041B468;
			productRefGroup = FAAFD0982BAC71F70041B468 /* Products */;
			projectDirPath = "";
			projectRoot = "";
			targets = (
				FAAFD0962BAC71F70041B468 /* WeatherDemo */,
			);
		};
/* End PBXProject section */

/* Begin PBXResourcesBuildPhase section */
		FAAFD0952BAC71F70041B468 /* Resources */ = {
			isa = PBXResourcesBuildPhase;
			buildActionMask = 2147483647;
			files = (
				FAAFD0A22BAC71FA0041B468 /* Preview Assets.xcassets in Resources */,
				FAAFD0B72BADF2530041B468 /* weatherData.json in Resources */,
				FAAFD09F2BAC71FA0041B468 /* Assets.xcassets in Resources */,
			);
			runOnlyForDeploymentPostprocessing = 0;
		};
/* End PBXResourcesBuildPhase section */

/* Begin PBXSourcesBuildPhase section */
		FAAFD0932BAC71F70041B468 /* Sources */ = {
			isa = PBXSourcesBuildPhase;
			buildActionMask = 2147483647;
			files = (
				FAAFD0B12BAC7DFA0041B468 /* WeatherManager.swift in Sources */,
				FAAFD0B92BADF7030041B468 /* Extensions.swift in Sources */,
				FAAFD09D2BAC71F70041B468 /* ContentView.swift in Sources */,
				FAAFD09B2BAC71F70041B468 /* WeatherDemoApp.swift in Sources */,
				FAAFD0AA2BAC73C00041B468 /* LocationManager.swift in Sources */,
				FAAFD0AF2BAC7B750041B468 /* LoadingView.swift in Sources */,
				FAAFD0B52BADF2120041B468 /* ModelData.swift in Sources */,
				FAAFD0B32BADF16F0041B468 /* WeatherView.swift in Sources */,
				FAAFD0AD2BAC77830041B468 /* WelcomeView.swift in Sources */,
			);
			runOnlyForDeploymentPostprocessing = 0;
		};
/* End PBXSourcesBuildPhase section */

/* Begin XCBuildConfiguration section */
		FAAFD0A32BAC71FA0041B468 /* Debug */ = {
			isa = XCBuildConfiguration;
			buildSettings = {
				ALWAYS_SEARCH_USER_PATHS = NO;
				CLANG_ANALYZER_NONNULL = YES;
				CLANG_ANALYZER_NUMBER_OBJECT_CONVERSION = YES_AGGRESSIVE;
				CLANG_CXX_LANGUAGE_STANDARD = "gnu++17";
				CLANG_CXX_LIBRARY = "libc++";
				CLANG_ENABLE_MODULES = YES;
				CLANG_ENABLE_OBJC_ARC = YES;
				CLANG_ENABLE_OBJC_WEAK = YES;
				CLANG_WARN_BLOCK_CAPTURE_AUTORELEASING = YES;
				CLANG_WARN_BOOL_CONVERSION = YES;
				CLANG_WARN_COMMA = YES;
				CLANG_WARN_CONSTANT_CONVERSION = YES;
				CLANG_WARN_DEPRECATED_OBJC_IMPLEMENTATIONS = YES;
				CLANG_WARN_DIRECT_OBJC_ISA_USAGE = YES_ERROR;
				CLANG_WARN_DOCUMENTATION_COMMENTS = YES;
				CLANG_WARN_EMPTY_BODY = YES;
				CLANG_WARN_ENUM_CONVERSION = YES;
				CLANG_WARN_INFINITE_RECURSION = YES;
				CLANG_WARN_INT_CONVERSION = YES;
				CLANG_WARN_NON_LITERAL_NULL_CONVERSION = YES;
				CLANG_WARN_OBJC_IMPLICIT_RETAIN_SELF = YES;
				CLANG_WARN_OBJC_LITERAL_CONVERSION = YES;
				CLANG_WARN_OBJC_ROOT_CLASS = YES_ERROR;
				CLANG_WARN_QUOTED_INCLUDE_IN_FRAMEWORK_HEADER = YES;
				CLANG_WARN_RANGE_LOOP_ANALYSIS = YES;
				CLANG_WARN_STRICT_PROTOTYPES = YES;
				CLANG_WARN_SUSPICIOUS_MOVE = YES;
				CLANG_WARN_UNGUARDED_AVAILABILITY = YES_AGGRESSIVE;
				CLANG_WARN_UNREACHABLE_CODE = YES;
				CLANG_WARN__DUPLICATE_METHOD_MATCH = YES;
				COPY_PHASE_STRIP = NO;
				DEBUG_INFORMATION_FORMAT = dwarf;
				ENABLE_STRICT_OBJC_MSGSEND = YES;
				ENABLE_TESTABILITY = YES;
				GCC_C_LANGUAGE_STANDARD = gnu11;
				GCC_DYNAMIC_NO_PIC = NO;
				GCC_NO_COMMON_BLOCKS = YES;
				GCC_OPTIMIZATION_LEVEL = 0;
				GCC_PREPROCESSOR_DEFINITIONS = (
					"DEBUG=1",
					"$(inherited)",
				);
				GCC_WARN_64_TO_32_BIT_CONVERSION = YES;
				GCC_WARN_ABOUT_RETURN_TYPE = YES_ERROR;
				GCC_WARN_UNDECLARED_SELECTOR = YES;
				GCC_WARN_UNINITIALIZED_AUTOS = YES_AGGRESSIVE;
				GCC_WARN_UNUSED_FUNCTION = YES;
				GCC_WARN_UNUSED_VARIABLE = YES;
				IPHONEOS_DEPLOYMENT_TARGET = 15.2;
				MTL_ENABLE_DEBUG_INFO = INCLUDE_SOURCE;
				MTL_FAST_MATH = YES;
				ONLY_ACTIVE_ARCH = YES;
				SDKROOT = iphoneos;
				SWIFT_ACTIVE_COMPILATION_CONDITIONS = DEBUG;
				SWIFT_OPTIMIZATION_LEVEL = "-Onone";
			};
			name = Debug;
		};
		FAAFD0A42BAC71FA0041B468 /* Release */ = {
			isa = XCBuildConfiguration;
			buildSettings = {
				ALWAYS_SEARCH_USER_PATHS = NO;
				CLANG_ANALYZER_NONNULL = YES;
				CLANG_ANALYZER_NUMBER_OBJECT_CONVERSION = YES_AGGRESSIVE;
				CLANG_CXX_LANGUAGE_STANDARD = "gnu++17";
				CLANG_CXX_LIBRARY = "libc++";
				CLANG_ENABLE_MODULES = YES;
				CLANG_ENABLE_OBJC_ARC = YES;
				CLANG_ENABLE_OBJC_WEAK = YES;
				CLANG_WARN_BLOCK_CAPTURE_AUTORELEASING = YES;
				CLANG_WARN_BOOL_CONVERSION = YES;
				CLANG_WARN_COMMA = YES;
				CLANG_WARN_CONSTANT_CONVERSION = YES;
				CLANG_WARN_DEPRECATED_OBJC_IMPLEMENTATIONS = YES;
				CLANG_WARN_DIRECT_OBJC_ISA_USAGE = YES_ERROR;
				CLANG_WARN_DOCUMENTATION_COMMENTS = YES;
				CLANG_WARN_EMPTY_BODY = YES;
				CLANG_WARN_ENUM_CONVERSION = YES;
				CLANG_WARN_INFINITE_RECURSION = YES;
				CLANG_WARN_INT_CONVERSION = YES;
				CLANG_WARN_NON_LITERAL_NULL_CONVERSION = YES;
				CLANG_WARN_OBJC_IMPLICIT_RETAIN_SELF = YES;
				CLANG_WARN_OBJC_LITERAL_CONVERSION = YES;
				CLANG_WARN_OBJC_ROOT_CLASS = YES_ERROR;
				CLANG_WARN_QUOTED_INCLUDE_IN_FRAMEWORK_HEADER = YES;
				CLANG_WARN_RANGE_LOOP_ANALYSIS = YES;
				CLANG_WARN_STRICT_PROTOTYPES = YES;
				CLANG_WARN_SUSPICIOUS_MOVE = YES;
				CLANG_WARN_UNGUARDED_AVAILABILITY = YES_AGGRESSIVE;
				CLANG_WARN_UNREACHABLE_CODE = YES;
				CLANG_WARN__DUPLICATE_METHOD_MATCH = YES;
				COPY_PHASE_STRIP = NO;
				DEBUG_INFORMATION_FORMAT = "dwarf-with-dsym";
				ENABLE_NS_ASSERTIONS = NO;
				ENABLE_STRICT_OBJC_MSGSEND = YES;
				GCC_C_LANGUAGE_STANDARD = gnu11;
				GCC_NO_COMMON_BLOCKS = YES;
				GCC_WARN_64_TO_32_BIT_CONVERSION = YES;
				GCC_WARN_ABOUT_RETURN_TYPE = YES_ERROR;
				GCC_WARN_UNDECLARED_SELECTOR = YES;
				GCC_WARN_UNINITIALIZED_AUTOS = YES_AGGRESSIVE;
				GCC_WARN_UNUSED_FUNCTION = YES;
				GCC_WARN_UNUSED_VARIABLE = YES;
				IPHONEOS_DEPLOYMENT_TARGET = 15.2;
				MTL_ENABLE_DEBUG_INFO = NO;
				MTL_FAST_MATH = YES;
				SDKROOT = iphoneos;
				SWIFT_COMPILATION_MODE = wholemodule;
				SWIFT_OPTIMIZATION_LEVEL = "-O";
				VALIDATE_PRODUCT = YES;
			};
			name = Release;
		};
		FAAFD0A62BAC71FA0041B468 /* Debug */ = {
			isa = XCBuildConfiguration;
			buildSettings = {
				ASSETCATALOG_COMPILER_APPICON_NAME = AppIcon;
				ASSETCATALOG_COMPILER_GLOBAL_ACCENT_COLOR_NAME = AccentColor;
				CODE_SIGN_STYLE = Automatic;
				CURRENT_PROJECT_VERSION = 1;
				DEVELOPMENT_ASSET_PATHS = "\"WeatherDemo/Preview Content\"";
				ENABLE_PREVIEWS = YES;
				GENERATE_INFOPLIST_FILE = YES;
				INFOPLIST_KEY_UIApplicationSceneManifest_Generation = YES;
				INFOPLIST_KEY_UIApplicationSupportsIndirectInputEvents = YES;
				INFOPLIST_KEY_UILaunchScreen_Generation = YES;
				INFOPLIST_KEY_UISupportedInterfaceOrientations_iPad = "UIInterfaceOrientationPortrait UIInterfaceOrientationPortraitUpsideDown UIInterfaceOrientationLandscapeLeft UIInterfaceOrientationLandscapeRight";
				INFOPLIST_KEY_UISupportedInterfaceOrientations_iPhone = "UIInterfaceOrientationPortrait UIInterfaceOrientationLandscapeLeft UIInterfaceOrientationLandscapeRight";
				IPHONEOS_DEPLOYMENT_TARGET = 15.0;
				LD_RUNPATH_SEARCH_PATHS = (
					"$(inherited)",
					"@executable_path/Frameworks",
				);
				MARKETING_VERSION = 1.0;
				PRODUCT_BUNDLE_IDENTIFIER = com.com.WeatherDemo;
				PRODUCT_NAME = "$(TARGET_NAME)";
				SWIFT_EMIT_LOC_STRINGS = YES;
				SWIFT_VERSION = 5.0;
				TARGETED_DEVICE_FAMILY = "1,2";
			};
			name = Debug;
		};
		FAAFD0A72BAC71FA0041B468 /* Release */ = {
			isa = XCBuildConfiguration;
			buildSettings = {
				ASSETCATALOG_COMPILER_APPICON_NAME = AppIcon;
				ASSETCATALOG_COMPILER_GLOBAL_ACCENT_COLOR_NAME = AccentColor;
				CODE_SIGN_STYLE = Automatic;
				CURRENT_PROJECT_VERSION = 1;
				DEVELOPMENT_ASSET_PATHS = "\"WeatherDemo/Preview Content\"";
				ENABLE_PREVIEWS = YES;
				GENERATE_INFOPLIST_FILE = YES;
				INFOPLIST_KEY_UIApplicationSceneManifest_Generation = YES;
				INFOPLIST_KEY_UIApplicationSupportsIndirectInputEvents = YES;
				INFOPLIST_KEY_UILaunchScreen_Generation = YES;
				INFOPLIST_KEY_UISupportedInterfaceOrientations_iPad = "UIInterfaceOrientationPortrait UIInterfaceOrientationPortraitUpsideDown UIInterfaceOrientationLandscapeLeft UIInterfaceOrientationLandscapeRight";
				INFOPLIST_KEY_UISupportedInterfaceOrientations_iPhone = "UIInterfaceOrientationPortrait UIInterfaceOrientationLandscapeLeft UIInterfaceOrientationLandscapeRight";
				IPHONEOS_DEPLOYMENT_TARGET = 15.0;
				LD_RUNPATH_SEARCH_PATHS = (
					"$(inherited)",
					"@executable_path/Frameworks",
				);
				MARKETING_VERSION = 1.0;
				PRODUCT_BUNDLE_IDENTIFIER = com.com.WeatherDemo;
				PRODUCT_NAME = "$(TARGET_NAME)";
				SWIFT_EMIT_LOC_STRINGS = YES;
				SWIFT_VERSION = 5.0;
				TARGETED_DEVICE_FAMILY = "1,2";
			};
			name = Release;
		};
/* End XCBuildConfiguration section */

/* Begin XCConfigurationList section */
		FAAFD0922BAC71F70041B468 /* Build configuration list for PBXProject "WeatherDemo" */ = {
			isa = XCConfigurationList;
			buildConfigurations = (
				FAAFD0A32BAC71FA0041B468 /* Debug */,
				FAAFD0A42BAC71FA0041B468 /* Release */,
			);
			defaultConfigurationIsVisible = 0;
			defaultConfigurationName = Release;
		};
		FAAFD0A52BAC71FA0041B468 /* Build configuration list for PBXNativeTarget "WeatherDemo" */ = {
			isa = XCConfigurationList;
			buildConfigurations = (
				FAAFD0A62BAC71FA0041B468 /* Debug */,
				FAAFD0A72BAC71FA0041B468 /* Release */,
			);
			defaultConfigurationIsVisible = 0;
			defaultConfigurationName = Release;
		};
/* End XCConfigurationList section */
	};
	rootObject = FAAFD08F2BAC71F70041B468 /* Project object */;
}
